// !$*UTF8*$!
{
	archiveVersion = 1;
	classes = {
	};
	objectVersion = 46;
	objects = {
/* Begin PBXBuildFile section */
		00D1BB101BD7495EB62CF995 /* AppDelegate+APPAppEvent.m in Sources */ = {isa = PBXBuildFile; fileRef = 63B2AA896E4E41EDAB18005B /* AppDelegate+APPAppEvent.m */; };
		0207DA581B56EA530066E2B4 /* Images.xcassets in Resources */ = {isa = PBXBuildFile; fileRef = 0207DA571B56EA530066E2B4 /* Images.xcassets */; };
		0388D8E175124C1992356622 /* libGTM_DebugUtils.a in Frameworks */ = {isa = PBXBuildFile; fileRef = 2B678AA244A64CBE88FD2D94 /* libGTM_DebugUtils.a */; };
		08ED08F27DC840F7B69037AE /* CDVLocalFilesystem.m in Sources */ = {isa = PBXBuildFile; fileRef = 7FFEADB75DBE4D6C83A3E1FE /* CDVLocalFilesystem.m */; };
		0A000E73FC33476DB8220E76 /* CDVPlugin+APPAppEvent.m in Sources */ = {isa = PBXBuildFile; fileRef = 525214A22A474AE1BB833A0A /* CDVPlugin+APPAppEvent.m */; };
		0C00723ED4064FB7BB8D0C15 /* libGTM_AddressBook.a in Frameworks */ = {isa = PBXBuildFile; fileRef = AE599181E5F34D75B931FDB7 /* libGTM_AddressBook.a */; };
		0EF78830457C48149E51D64B /* CDVLogger.m in Sources */ = {isa = PBXBuildFile; fileRef = 10B8ADCF87A646569952A124 /* CDVLogger.m */; };
		0F6674C4548845E8AB7A36DF /* libGTM_NSScannerJSON.a in Frameworks */ = {isa = PBXBuildFile; fileRef = 9FC9689F129A4B31A4C5A22D /* libGTM_NSScannerJSON.a */; };
		0FF6A15844774D1EB0072BCB /* libGSDK_Overload.a in Frameworks */ = {isa = PBXBuildFile; fileRef = 2508A0CD4D4C43D990A678E1 /* libGSDK_Overload.a */; };
		123BCBCF14774E7BABA1E266 /* libGGLInstanceIDLib.a in Frameworks */ = {isa = PBXBuildFile; fileRef = A4DA696DEC84490F87FE66CD /* libGGLInstanceIDLib.a */; };
		13B97EFC81314AD4A88E977D /* SystemConfiguration.framework in Frameworks */ = {isa = PBXBuildFile; fileRef = FA518CD0B392477F9B5F9128 /* SystemConfiguration.framework */; settings = {ATTRIBUTES = (Weak, ); }; };
		1D3623260D0F684500981E51 /* AppDelegate.m in Sources */ = {isa = PBXBuildFile; fileRef = 1D3623250D0F684500981E51 /* AppDelegate.m */; };
		1D60589B0D05DD56006BFB54 /* main.m in Sources */ = {isa = PBXBuildFile; fileRef = 29B97316FDCFA39411CA2CEA /* main.m */; };
		228AF2F7F4BA4002A3C5F8DE /* APPBadge.m in Sources */ = {isa = PBXBuildFile; fileRef = 188F3631999F4E5ABAE8FCB4 /* APPBadge.m */; };
		28181E5ADDB64F259EE9A92F /* CDVStatusBar.m in Sources */ = {isa = PBXBuildFile; fileRef = 72D0E55D4CBE49DD98BC4083 /* CDVStatusBar.m */; };
		2C1BBC5033924FB596C2E677 /* libGTM_StringEncoding.a in Frameworks */ = {isa = PBXBuildFile; fileRef = B670C3F2DCC74743AE5E516F /* libGTM_StringEncoding.a */; };
		2DB5F2625C8440CABEA5B870 /* libProtocolBuffers.a in Frameworks */ = {isa = PBXBuildFile; fileRef = D8748A07E2114A69898EFB2D /* libProtocolBuffers.a */; };
		2F9B30D83E2B4127BC5B6A70 /* UIApplication+APPBadge.m in Sources */ = {isa = PBXBuildFile; fileRef = 204FB8737EAC442FB5B1185A /* UIApplication+APPBadge.m */; };
		301BF552109A68D80062928A /* libCordova.a in Frameworks */ = {isa = PBXBuildFile; fileRef = 301BF535109A57CC0062928A /* libCordova.a */; };
		302D95F114D2391D003F00A1 /* MainViewController.m in Sources */ = {isa = PBXBuildFile; fileRef = 302D95EF14D2391D003F00A1 /* MainViewController.m */; };
		302D95F214D2391D003F00A1 /* MainViewController.xib in Resources */ = {isa = PBXBuildFile; fileRef = 302D95F014D2391D003F00A1 /* MainViewController.xib */; };
		43A4EE3499294699A8DFC5D0 /* CDVInAppBrowser.m in Sources */ = {isa = PBXBuildFile; fileRef = A436AB1ABE3D439BA354AA12 /* CDVInAppBrowser.m */; };
		48505B677B6041668E1B7885 /* IonicKeyboard.m in Sources */ = {isa = PBXBuildFile; fileRef = D54633608DA049938C2AEA91 /* IonicKeyboard.m */; };
		499F6D4A77BE4158A151BA19 /* DatePicker.xib in Resources */ = {isa = PBXBuildFile; fileRef = 1793D578FA96414480B1534D /* DatePicker.xib */; };
		53EDE6C314BF44BCB742B5DF /* libsqlite3.tbd in Frameworks */ = {isa = PBXBuildFile; fileRef = 1C416F5626E34890803F9D07 /* libsqlite3.tbd */; };
		5A2E697D4D9348D4B0CB54F9 /* libGTM_NSData+zlib.a in Frameworks */ = {isa = PBXBuildFile; fileRef = B6741DEB9C844A79A42AE017 /* libGTM_NSData+zlib.a */; };
		5E0DEA8BB2434EEE87719942 /* EventKitUI.framework in Frameworks */ = {isa = PBXBuildFile; fileRef = CBB21A8B45D74FAAA627EC02 /* EventKitUI.framework */; };
		5EA48DB950E4487EA6778EC2 /* libGTM_UIFont+LineHeight.a in Frameworks */ = {isa = PBXBuildFile; fileRef = D5BAD425741C4021A0360E60 /* libGTM_UIFont+LineHeight.a */; };
		6999B513B36D4B478ADF3B42 /* AddressBook.framework in Frameworks */ = {isa = PBXBuildFile; fileRef = 1D02DD1253EA43AFB77470D0 /* AddressBook.framework */; settings = {ATTRIBUTES = (Weak, ); }; };
		6E1845709D7C4339A7726E44 /* libGTM_Regex.a in Frameworks */ = {isa = PBXBuildFile; fileRef = 511BB9672C254AE4B424B94C /* libGTM_Regex.a */; };
		7530B0A539724FBC844F6A74 /* EventKit.framework in Frameworks */ = {isa = PBXBuildFile; fileRef = 30AD146A58DA45FA9C76DBC4 /* EventKit.framework */; };
		75F959454912406EAFE941FA /* libGTM_NSDictionary+URLArguments.a in Frameworks */ = {isa = PBXBuildFile; fileRef = 19B7B5B9F44A4F6B980655DB /* libGTM_NSDictionary+URLArguments.a */; };
		77A82CE172A94F87B54C7433 /* libGGLCore.a in Frameworks */ = {isa = PBXBuildFile; fileRef = BE2819F1F23C4C50B8FE4F13 /* libGGLCore.a */; };
		782FA921C46945BD985C28F0 /* libGTMSessionFetcher_full.a in Frameworks */ = {isa = PBXBuildFile; fileRef = 64150B262C2A4C8CAB3EC654 /* libGTMSessionFetcher_full.a */; };
		7CCDC6EEDD6C4F14B47708FD /* PushPlugin.m in Sources */ = {isa = PBXBuildFile; fileRef = 0B128463CF694747AE5EABD6 /* PushPlugin.m */; };
		80ACF79E5C6F49B2817550A9 /* libGTM_RoundedRectPath.a in Frameworks */ = {isa = PBXBuildFile; fileRef = 4400F35A333E4365846B4154 /* libGTM_RoundedRectPath.a */; };
		8DF393318A944F53970AF6B5 /* libGTM_NSStringXML.a in Frameworks */ = {isa = PBXBuildFile; fileRef = 5535870CE0934B67887CFBBD /* libGTM_NSStringXML.a */; };
		90F0BC93E5E4434C835447BC /* CDVVibration.m in Sources */ = {isa = PBXBuildFile; fileRef = FDB267B776044B1EBD225F5F /* CDVVibration.m */; };
		945CFF3399E44F6FA511F500 /* libGTM_SystemVersion.a in Frameworks */ = {isa = PBXBuildFile; fileRef = 89A33D45F1414DBDB271F7E1 /* libGTM_SystemVersion.a */; };
		94D476BA60504B98BB179BE5 /* libGGLCloudMessaging.a in Frameworks */ = {isa = PBXBuildFile; fileRef = A2BC4AAD448341839DAA41DA /* libGGLCloudMessaging.a */; };
		A79942FB1F764A00A8202577 /* libGTM_GTMURLBuilder.a in Frameworks */ = {isa = PBXBuildFile; fileRef = B8CBB91A99054493A3F2BC7B /* libGTM_GTMURLBuilder.a */; };
		AC8D6E692C5B442190AB79CC /* libGTMStackTrace.a in Frameworks */ = {isa = PBXBuildFile; fileRef = A0F687E41E32458DAE9EB3AA /* libGTMStackTrace.a */; };
		AE4E5215E12D4EA891A2A7F4 /* CDVFile.m in Sources */ = {isa = PBXBuildFile; fileRef = 34484562D32741AD8EF08FCE /* CDVFile.m */; };
		AFA4343CE4F14B4194CD2C42 /* libGIP_Reachability.a in Frameworks */ = {isa = PBXBuildFile; fileRef = 4D1705193D044EF099D339CA /* libGIP_Reachability.a */; };
		B3EBB94A37D84F9C917AB924 /* libGTM_iPhone.a in Frameworks */ = {isa = PBXBuildFile; fileRef = 9873D69842D74E40B4D6B1B3 /* libGTM_iPhone.a */; };
		B7931E41211A4A8E89305AB1 /* ImageIO.framework in Frameworks */ = {isa = PBXBuildFile; fileRef = 1BB65FBBF0D94C56AA6D119A /* ImageIO.framework */; settings = {ATTRIBUTES = (Weak, ); }; };
		BF7B402637FA454DAAE7BC55 /* libz.tbd in Frameworks */ = {isa = PBXBuildFile; fileRef = 852F7F516992419C8B56DC37 /* libz.tbd */; };
		C3FDF052EF0745A3A742FCDE /* AddressBookUI.framework in Frameworks */ = {isa = PBXBuildFile; fileRef = 0AD914E882244B80BDF6FB7C /* AddressBookUI.framework */; settings = {ATTRIBUTES = (Weak, ); }; };
		C58598A35E4341E5A2194388 /* libGcmLib.a in Frameworks */ = {isa = PBXBuildFile; fileRef = 1268BB47F6D6445FAD0220A2 /* libGcmLib.a */; };
		C6677E02FE8A49E0999BCF54 /* CDVAssetLibraryFilesystem.m in Sources */ = {isa = PBXBuildFile; fileRef = BE946B476E134F21AAE8B5E1 /* CDVAssetLibraryFilesystem.m */; };
		C8D418CB15D54FE4A92CCE48 /* libGTM_KVO.a in Frameworks */ = {isa = PBXBuildFile; fileRef = 88151FF32A7D4E7C97B72E10 /* libGTM_KVO.a */; };
		D07CEF596104497AAC8929B8 /* libGTM_core.a in Frameworks */ = {isa = PBXBuildFile; fileRef = 8D994B415D1645F283B6555D /* libGTM_core.a */; };
		D17DACFB54BF4AF4B0FC7CD3 /* libGTMSessionFetcher_core.a in Frameworks */ = {isa = PBXBuildFile; fileRef = 5598334691FF4CC79E4E7D6D /* libGTMSessionFetcher_core.a */; };
		D5C2FFB4C7354977B45A39C3 /* CDVBackgroundFetch.m in Sources */ = {isa = PBXBuildFile; fileRef = EE47D544FFC549538FC1C045 /* CDVBackgroundFetch.m */; };
		D672A11078EB4257AAE51EE2 /* DatePicker.m in Sources */ = {isa = PBXBuildFile; fileRef = FFEEB16274AE4A0EBE79481C /* DatePicker.m */; };
		D67A4EDB71D44C518EC94514 /* AppDelegate+notification.m in Sources */ = {isa = PBXBuildFile; fileRef = 9898421CEE854279AD98FF20 /* AppDelegate+notification.m */; };
		D8DEBF5D6466467FAB11F37B /* CoreLocation.framework in Frameworks */ = {isa = PBXBuildFile; fileRef = 0837C333A70345908371BB28 /* CoreLocation.framework */; };
		DE5F14FD67A2495491F7AEED /* AudioToolbox.framework in Frameworks */ = {isa = PBXBuildFile; fileRef = 9AC92971FCEB446ABAAC66A3 /* AudioToolbox.framework */; settings = {ATTRIBUTES = (Weak, ); }; };
		EA9297C2E1364052B366B9BD /* Calendar.m in Sources */ = {isa = PBXBuildFile; fileRef = 0EE5DE9E46DF455DB3E7F5D8 /* Calendar.m */; };
		EDA342ADDCC44378A866BFC2 /* libGTM_NSStringHTML.a in Frameworks */ = {isa = PBXBuildFile; fileRef = 6F76ABB54D5D49E685691D11 /* libGTM_NSStringHTML.a */; };
		A0ACFE97B6D5452596D11688 /* CDVDevice.m in Sources */ = {isa = PBXBuildFile; fileRef = 023770C2CF2D4F6EAABA88F4 /* CDVDevice.m */; };
		A5CF72DC65C74AD5B80DEED5 /* APPLocalNotification.m in Sources */ = {isa = PBXBuildFile; fileRef = 97C316DA64054A2CBE162ECB /* APPLocalNotification.m */; };
		80777C867D534C4395ED39D6 /* APPLocalNotificationOptions.m in Sources */ = {isa = PBXBuildFile; fileRef = 7F62B2F343634E31A4059567 /* APPLocalNotificationOptions.m */; };
		F0787CA8DBF749BB9E492FA0 /* UIApplication+APPLocalNotification.m in Sources */ = {isa = PBXBuildFile; fileRef = 88488D129B3B4F878E1D7CA6 /* UIApplication+APPLocalNotification.m */; };
		723026059B3C442CB53FE615 /* UILocalNotification+APPLocalNotification.m in Sources */ = {isa = PBXBuildFile; fileRef = 1F6548474FCF44A7B8EB2706 /* UILocalNotification+APPLocalNotification.m */; };
/* End PBXBuildFile section */

/* Begin PBXContainerItemProxy section */
		301BF534109A57CC0062928A /* PBXContainerItemProxy */ = {
			isa = PBXContainerItemProxy;
			containerPortal = 301BF52D109A57CC0062928A /* CordovaLib.xcodeproj */;
			proxyType = 2;
			remoteGlobalIDString = D2AAC07E0554694100DB518D;
			remoteInfo = CordovaLib;
		};
		301BF550109A68C00062928A /* PBXContainerItemProxy */ = {
			isa = PBXContainerItemProxy;
			containerPortal = 301BF52D109A57CC0062928A /* CordovaLib.xcodeproj */;
			proxyType = 1;
			remoteGlobalIDString = D2AAC07D0554694100DB518D;
			remoteInfo = CordovaLib;
		};
/* End PBXContainerItemProxy section */

/* Begin PBXFileReference section */
		0207DA571B56EA530066E2B4 /* Images.xcassets */ = {isa = PBXFileReference; lastKnownFileType = folder.assetcatalog; name = Images.xcassets; path = ParentPlanet/Images.xcassets; sourceTree = SOURCE_ROOT; };
		04F6FED862E743B080BB955C /* UIApplication+APPBadge.h */ = {isa = PBXFileReference; explicitFileType = undefined; fileEncoding = 4; includeInIndex = 0; lastKnownFileType = sourcecode.c.h; name = "UIApplication+APPBadge.h"; path = "cordova-plugin-badge/UIApplication+APPBadge.h"; sourceTree = "<group>"; };
		0837C333A70345908371BB28 /* CoreLocation.framework */ = {isa = PBXFileReference; explicitFileType = undefined; fileEncoding = 9; includeInIndex = 0; lastKnownFileType = wrapper.framework; name = CoreLocation.framework; path = System/Library/Frameworks/CoreLocation.framework; sourceTree = SDKROOT; };
		0AD914E882244B80BDF6FB7C /* AddressBookUI.framework */ = {isa = PBXFileReference; explicitFileType = undefined; fileEncoding = 9; includeInIndex = 0; lastKnownFileType = wrapper.framework; name = AddressBookUI.framework; path = System/Library/Frameworks/AddressBookUI.framework; sourceTree = SDKROOT; };
		0B128463CF694747AE5EABD6 /* PushPlugin.m */ = {isa = PBXFileReference; explicitFileType = undefined; fileEncoding = 4; includeInIndex = 0; lastKnownFileType = sourcecode.c.objc; name = PushPlugin.m; path = "phonegap-plugin-push/PushPlugin.m"; sourceTree = "<group>"; };
		0EE5DE9E46DF455DB3E7F5D8 /* Calendar.m */ = {isa = PBXFileReference; explicitFileType = undefined; fileEncoding = 4; includeInIndex = 0; lastKnownFileType = sourcecode.c.objc; name = Calendar.m; path = "cordova-plugin-calendar/Calendar.m"; sourceTree = "<group>"; };
		10B8ADCF87A646569952A124 /* CDVLogger.m */ = {isa = PBXFileReference; explicitFileType = undefined; fileEncoding = 4; includeInIndex = 0; lastKnownFileType = sourcecode.c.objc; name = CDVLogger.m; path = org.apache.cordova.console/CDVLogger.m; sourceTree = "<group>"; };
		1268BB47F6D6445FAD0220A2 /* libGcmLib.a */ = {isa = PBXFileReference; explicitFileType = undefined; fileEncoding = 9; includeInIndex = 0; lastKnownFileType = archive.ar; name = libGcmLib.a; path = "ParentPlanet/Plugins/phonegap-plugin-push/GCM/Libraries/libGcmLib.a"; sourceTree = "<group>"; };
		1793D578FA96414480B1534D /* DatePicker.xib */ = {isa = PBXFileReference; explicitFileType = undefined; fileEncoding = 9; includeInIndex = 0; lastKnownFileType = file.xib; path = DatePicker.xib; sourceTree = "<group>"; };
		188F3631999F4E5ABAE8FCB4 /* APPBadge.m */ = {isa = PBXFileReference; explicitFileType = undefined; fileEncoding = 4; includeInIndex = 0; lastKnownFileType = sourcecode.c.objc; name = APPBadge.m; path = "cordova-plugin-badge/APPBadge.m"; sourceTree = "<group>"; };
		19B7B5B9F44A4F6B980655DB /* libGTM_NSDictionary+URLArguments.a */ = {isa = PBXFileReference; explicitFileType = undefined; fileEncoding = 9; includeInIndex = 0; lastKnownFileType = archive.ar; name = "libGTM_NSDictionary+URLArguments.a"; path = "ParentPlanet/Plugins/phonegap-plugin-push/GCM/Libraries/libGTM_NSDictionary+URLArguments.a"; sourceTree = "<group>"; };
		1B85A48168324F14852CB404 /* GGLInstanceIDDelegate.h */ = {isa = PBXFileReference; explicitFileType = undefined; fileEncoding = 4; includeInIndex = 0; lastKnownFileType = sourcecode.c.h; name = GGLInstanceIDDelegate.h; path = "phonegap-plugin-push/GCM/Headers/GGLInstanceIDDelegate.h"; sourceTree = "<group>"; };
		1BB65FBBF0D94C56AA6D119A /* ImageIO.framework */ = {isa = PBXFileReference; explicitFileType = undefined; fileEncoding = 9; includeInIndex = 0; lastKnownFileType = wrapper.framework; name = ImageIO.framework; path = System/Library/Frameworks/ImageIO.framework; sourceTree = SDKROOT; };
		1C416F5626E34890803F9D07 /* libsqlite3.tbd */ = {isa = PBXFileReference; explicitFileType = undefined; fileEncoding = 9; includeInIndex = 0; lastKnownFileType = unknown; path = libsqlite3.tbd; sourceTree = "<group>"; };
		1D02DD1253EA43AFB77470D0 /* AddressBook.framework */ = {isa = PBXFileReference; explicitFileType = undefined; fileEncoding = 9; includeInIndex = 0; lastKnownFileType = wrapper.framework; name = AddressBook.framework; path = System/Library/Frameworks/AddressBook.framework; sourceTree = SDKROOT; };
		1D3623240D0F684500981E51 /* AppDelegate.h */ = {isa = PBXFileReference; fileEncoding = 4; lastKnownFileType = sourcecode.c.h; path = AppDelegate.h; sourceTree = "<group>"; };
		1D3623250D0F684500981E51 /* AppDelegate.m */ = {isa = PBXFileReference; fileEncoding = 4; lastKnownFileType = sourcecode.c.objc; path = AppDelegate.m; sourceTree = "<group>"; };
		1D6058910D05DD3D006BFB54 /* ParentPlanet.app */ = {isa = PBXFileReference; explicitFileType = wrapper.application; includeInIndex = 0; path = ParentPlanet.app; sourceTree = BUILT_PRODUCTS_DIR; };
		204FB8737EAC442FB5B1185A /* UIApplication+APPBadge.m */ = {isa = PBXFileReference; explicitFileType = undefined; fileEncoding = 4; includeInIndex = 0; lastKnownFileType = sourcecode.c.objc; name = "UIApplication+APPBadge.m"; path = "cordova-plugin-badge/UIApplication+APPBadge.m"; sourceTree = "<group>"; };
		23ED047E2F9E49D9A14F8569 /* GCMService.h */ = {isa = PBXFileReference; explicitFileType = undefined; fileEncoding = 4; includeInIndex = 0; lastKnownFileType = sourcecode.c.h; name = GCMService.h; path = "phonegap-plugin-push/GCM/Headers/GCMService.h"; sourceTree = "<group>"; };
		2508A0CD4D4C43D990A678E1 /* libGSDK_Overload.a */ = {isa = PBXFileReference; explicitFileType = undefined; fileEncoding = 9; includeInIndex = 0; lastKnownFileType = archive.ar; name = libGSDK_Overload.a; path = "ParentPlanet/Plugins/phonegap-plugin-push/GCM/Libraries/libGSDK_Overload.a"; sourceTree = "<group>"; };
		29B97316FDCFA39411CA2CEA /* main.m */ = {isa = PBXFileReference; fileEncoding = 4; lastKnownFileType = sourcecode.c.objc; path = main.m; sourceTree = "<group>"; };
		2B678AA244A64CBE88FD2D94 /* libGTM_DebugUtils.a */ = {isa = PBXFileReference; explicitFileType = undefined; fileEncoding = 9; includeInIndex = 0; lastKnownFileType = archive.ar; name = libGTM_DebugUtils.a; path = "ParentPlanet/Plugins/phonegap-plugin-push/GCM/Libraries/libGTM_DebugUtils.a"; sourceTree = "<group>"; };
		301BF52D109A57CC0062928A /* CordovaLib.xcodeproj */ = {isa = PBXFileReference; lastKnownFileType = "wrapper.pb-project"; name = CordovaLib.xcodeproj; path = CordovaLib/CordovaLib.xcodeproj; sourceTree = "<group>"; };
		301BF56E109A69640062928A /* www */ = {isa = PBXFileReference; lastKnownFileType = folder; path = www; sourceTree = SOURCE_ROOT; };
		302D95EE14D2391D003F00A1 /* MainViewController.h */ = {isa = PBXFileReference; fileEncoding = 4; lastKnownFileType = sourcecode.c.h; path = MainViewController.h; sourceTree = "<group>"; };
		302D95EF14D2391D003F00A1 /* MainViewController.m */ = {isa = PBXFileReference; fileEncoding = 4; lastKnownFileType = sourcecode.c.objc; path = MainViewController.m; sourceTree = "<group>"; };
		302D95F014D2391D003F00A1 /* MainViewController.xib */ = {isa = PBXFileReference; fileEncoding = 4; lastKnownFileType = file.xib; path = MainViewController.xib; sourceTree = "<group>"; };
		3047A50F1AB8059700498E2A /* build-debug.xcconfig */ = {isa = PBXFileReference; fileEncoding = 4; lastKnownFileType = text.xcconfig; name = "build-debug.xcconfig"; path = "cordova/build-debug.xcconfig"; sourceTree = SOURCE_ROOT; };
		3047A5101AB8059700498E2A /* build-release.xcconfig */ = {isa = PBXFileReference; fileEncoding = 4; lastKnownFileType = text.xcconfig; name = "build-release.xcconfig"; path = "cordova/build-release.xcconfig"; sourceTree = SOURCE_ROOT; };
		3047A5111AB8059700498E2A /* build.xcconfig */ = {isa = PBXFileReference; fileEncoding = 4; lastKnownFileType = text.xcconfig; name = build.xcconfig; path = cordova/build.xcconfig; sourceTree = SOURCE_ROOT; };
		30AD146A58DA45FA9C76DBC4 /* EventKit.framework */ = {isa = PBXFileReference; explicitFileType = undefined; fileEncoding = 9; includeInIndex = 0; lastKnownFileType = wrapper.framework; name = EventKit.framework; path = System/Library/Frameworks/EventKit.framework; sourceTree = SDKROOT; };
		32CA4F630368D1EE00C91783 /* ParentPlanet-Prefix.pch */ = {isa = PBXFileReference; fileEncoding = 4; lastKnownFileType = sourcecode.c.h; path = "ParentPlanet-Prefix.pch"; sourceTree = "<group>"; };
		34484562D32741AD8EF08FCE /* CDVFile.m */ = {isa = PBXFileReference; explicitFileType = undefined; fileEncoding = 4; includeInIndex = 0; lastKnownFileType = sourcecode.c.objc; name = CDVFile.m; path = "cordova-plugin-file/CDVFile.m"; sourceTree = "<group>"; };
		36493BBDC2C14E1695C35EE3 /* CDVFile.h */ = {isa = PBXFileReference; explicitFileType = undefined; fileEncoding = 4; includeInIndex = 0; lastKnownFileType = sourcecode.c.h; name = CDVFile.h; path = "cordova-plugin-file/CDVFile.h"; sourceTree = "<group>"; };
		4400F35A333E4365846B4154 /* libGTM_RoundedRectPath.a */ = {isa = PBXFileReference; explicitFileType = undefined; fileEncoding = 9; includeInIndex = 0; lastKnownFileType = archive.ar; name = libGTM_RoundedRectPath.a; path = "ParentPlanet/Plugins/phonegap-plugin-push/GCM/Libraries/libGTM_RoundedRectPath.a"; sourceTree = "<group>"; };
		48DB856A8C6A4578B4A56E01 /* CDVPlugin+APPAppEvent.h */ = {isa = PBXFileReference; explicitFileType = undefined; fileEncoding = 4; includeInIndex = 0; lastKnownFileType = sourcecode.c.h; name = "CDVPlugin+APPAppEvent.h"; path = "cordova-plugin-app-event/CDVPlugin+APPAppEvent.h"; sourceTree = "<group>"; };
		4D0605F5D0594ABEB3F8172A /* APPAppEventDelegate.h */ = {isa = PBXFileReference; explicitFileType = undefined; fileEncoding = 4; includeInIndex = 0; lastKnownFileType = sourcecode.c.h; name = APPAppEventDelegate.h; path = "cordova-plugin-app-event/APPAppEventDelegate.h"; sourceTree = "<group>"; };
		4D1705193D044EF099D339CA /* libGIP_Reachability.a */ = {isa = PBXFileReference; explicitFileType = undefined; fileEncoding = 9; includeInIndex = 0; lastKnownFileType = archive.ar; name = libGIP_Reachability.a; path = "ParentPlanet/Plugins/phonegap-plugin-push/GCM/Libraries/libGIP_Reachability.a"; sourceTree = "<group>"; };
		511BB9672C254AE4B424B94C /* libGTM_Regex.a */ = {isa = PBXFileReference; explicitFileType = undefined; fileEncoding = 9; includeInIndex = 0; lastKnownFileType = archive.ar; name = libGTM_Regex.a; path = "ParentPlanet/Plugins/phonegap-plugin-push/GCM/Libraries/libGTM_Regex.a"; sourceTree = "<group>"; };
		525214A22A474AE1BB833A0A /* CDVPlugin+APPAppEvent.m */ = {isa = PBXFileReference; explicitFileType = undefined; fileEncoding = 4; includeInIndex = 0; lastKnownFileType = sourcecode.c.objc; name = "CDVPlugin+APPAppEvent.m"; path = "cordova-plugin-app-event/CDVPlugin+APPAppEvent.m"; sourceTree = "<group>"; };
		5535870CE0934B67887CFBBD /* libGTM_NSStringXML.a */ = {isa = PBXFileReference; explicitFileType = undefined; fileEncoding = 9; includeInIndex = 0; lastKnownFileType = archive.ar; name = libGTM_NSStringXML.a; path = "ParentPlanet/Plugins/phonegap-plugin-push/GCM/Libraries/libGTM_NSStringXML.a"; sourceTree = "<group>"; };
		5598334691FF4CC79E4E7D6D /* libGTMSessionFetcher_core.a */ = {isa = PBXFileReference; explicitFileType = undefined; fileEncoding = 9; includeInIndex = 0; lastKnownFileType = archive.ar; name = libGTMSessionFetcher_core.a; path = "ParentPlanet/Plugins/phonegap-plugin-push/GCM/Libraries/libGTMSessionFetcher_core.a"; sourceTree = "<group>"; };
		59F016CD2D6C4ED8830B5A55 /* CDVVibration.h */ = {isa = PBXFileReference; explicitFileType = undefined; fileEncoding = 4; includeInIndex = 0; lastKnownFileType = sourcecode.c.h; name = CDVVibration.h; path = org.apache.cordova.vibration/CDVVibration.h; sourceTree = "<group>"; };
		620689A114774F1982F2866C /* GCMReceiverDelegate.h */ = {isa = PBXFileReference; explicitFileType = undefined; fileEncoding = 4; includeInIndex = 0; lastKnownFileType = sourcecode.c.h; name = GCMReceiverDelegate.h; path = "phonegap-plugin-push/GCM/Headers/GCMReceiverDelegate.h"; sourceTree = "<group>"; };
		63B2AA896E4E41EDAB18005B /* AppDelegate+APPAppEvent.m */ = {isa = PBXFileReference; explicitFileType = undefined; fileEncoding = 4; includeInIndex = 0; lastKnownFileType = sourcecode.c.objc; name = "AppDelegate+APPAppEvent.m"; path = "cordova-plugin-app-event/AppDelegate+APPAppEvent.m"; sourceTree = "<group>"; };
		64150B262C2A4C8CAB3EC654 /* libGTMSessionFetcher_full.a */ = {isa = PBXFileReference; explicitFileType = undefined; fileEncoding = 9; includeInIndex = 0; lastKnownFileType = archive.ar; name = libGTMSessionFetcher_full.a; path = "ParentPlanet/Plugins/phonegap-plugin-push/GCM/Libraries/libGTMSessionFetcher_full.a"; sourceTree = "<group>"; };
		6D2B42141AD14AC7BA56B41C /* APPBadge.h */ = {isa = PBXFileReference; explicitFileType = undefined; fileEncoding = 4; includeInIndex = 0; lastKnownFileType = sourcecode.c.h; name = APPBadge.h; path = "cordova-plugin-badge/APPBadge.h"; sourceTree = "<group>"; };
		6F76ABB54D5D49E685691D11 /* libGTM_NSStringHTML.a */ = {isa = PBXFileReference; explicitFileType = undefined; fileEncoding = 9; includeInIndex = 0; lastKnownFileType = archive.ar; name = libGTM_NSStringHTML.a; path = "ParentPlanet/Plugins/phonegap-plugin-push/GCM/Libraries/libGTM_NSStringHTML.a"; sourceTree = "<group>"; };
		711D476B919748DDB0ACEE01 /* AppDelegate+notification.h */ = {isa = PBXFileReference; explicitFileType = undefined; fileEncoding = 4; includeInIndex = 0; lastKnownFileType = sourcecode.c.h; name = "AppDelegate+notification.h"; path = "phonegap-plugin-push/AppDelegate+notification.h"; sourceTree = "<group>"; };
		72D0E55D4CBE49DD98BC4083 /* CDVStatusBar.m */ = {isa = PBXFileReference; explicitFileType = undefined; fileEncoding = 4; includeInIndex = 0; lastKnownFileType = sourcecode.c.objc; name = CDVStatusBar.m; path = org.apache.cordova.statusbar/CDVStatusBar.m; sourceTree = "<group>"; };
		72D3AC7F7E7F4FAE97403D1E /* GGLInstanceIDConfig.h */ = {isa = PBXFileReference; explicitFileType = undefined; fileEncoding = 4; includeInIndex = 0; lastKnownFileType = sourcecode.c.h; name = GGLInstanceIDConfig.h; path = "phonegap-plugin-push/GCM/Headers/GGLInstanceIDConfig.h"; sourceTree = "<group>"; };
		7B2033E8B3624BA4B49F68E5 /* CDVBackgroundFetch.h */ = {isa = PBXFileReference; explicitFileType = undefined; fileEncoding = 4; includeInIndex = 0; lastKnownFileType = sourcecode.c.h; name = CDVBackgroundFetch.h; path = org.transistorsoft.cordova.plugin.background.fetch/CDVBackgroundFetch.h; sourceTree = "<group>"; };
		7FFEADB75DBE4D6C83A3E1FE /* CDVLocalFilesystem.m */ = {isa = PBXFileReference; explicitFileType = undefined; fileEncoding = 4; includeInIndex = 0; lastKnownFileType = sourcecode.c.objc; name = CDVLocalFilesystem.m; path = "cordova-plugin-file/CDVLocalFilesystem.m"; sourceTree = "<group>"; };
		82A9A2EC1D9186F100045209 /* ParentPlanet.entitlements */ = {isa = PBXFileReference; lastKnownFileType = text.plist.entitlements; name = ParentPlanet.entitlements; path = ParentPlanet/ParentPlanet.entitlements; sourceTree = "<group>"; };
		83FCD2BF9C68427DB7782BE7 /* CDVStatusBar.h */ = {isa = PBXFileReference; explicitFileType = undefined; fileEncoding = 4; includeInIndex = 0; lastKnownFileType = sourcecode.c.h; name = CDVStatusBar.h; path = org.apache.cordova.statusbar/CDVStatusBar.h; sourceTree = "<group>"; };
		852F7F516992419C8B56DC37 /* libz.tbd */ = {isa = PBXFileReference; explicitFileType = undefined; fileEncoding = 9; includeInIndex = 0; lastKnownFileType = unknown; path = libz.tbd; sourceTree = "<group>"; };
		86F6F85F147E4852B83618B5 /* Calendar.h */ = {isa = PBXFileReference; explicitFileType = undefined; fileEncoding = 4; includeInIndex = 0; lastKnownFileType = sourcecode.c.h; name = Calendar.h; path = "cordova-plugin-calendar/Calendar.h"; sourceTree = "<group>"; };
		87C76B65EB2449EA96CE9E14 /* GGLInstanceIDHeaders.h */ = {isa = PBXFileReference; explicitFileType = undefined; fileEncoding = 4; includeInIndex = 0; lastKnownFileType = sourcecode.c.h; name = GGLInstanceIDHeaders.h; path = "phonegap-plugin-push/GCM/Headers/GGLInstanceIDHeaders.h"; sourceTree = "<group>"; };
		88151FF32A7D4E7C97B72E10 /* libGTM_KVO.a */ = {isa = PBXFileReference; explicitFileType = undefined; fileEncoding = 9; includeInIndex = 0; lastKnownFileType = archive.ar; name = libGTM_KVO.a; path = "ParentPlanet/Plugins/phonegap-plugin-push/GCM/Libraries/libGTM_KVO.a"; sourceTree = "<group>"; };
		89A33D45F1414DBDB271F7E1 /* libGTM_SystemVersion.a */ = {isa = PBXFileReference; explicitFileType = undefined; fileEncoding = 9; includeInIndex = 0; lastKnownFileType = archive.ar; name = libGTM_SystemVersion.a; path = "ParentPlanet/Plugins/phonegap-plugin-push/GCM/Libraries/libGTM_SystemVersion.a"; sourceTree = "<group>"; };
		8D1107310486CEB800E47090 /* ParentPlanet-Info.plist */ = {isa = PBXFileReference; fileEncoding = 4; lastKnownFileType = text.plist.xml; name = "ParentPlanet-Info.plist"; path = "ParentPlanet/ParentPlanet-Info.plist"; plistStructureDefinitionIdentifier = "com.apple.xcode.plist.structure-definition.iphone.info-plist"; sourceTree = SOURCE_ROOT; };
		8D994B415D1645F283B6555D /* libGTM_core.a */ = {isa = PBXFileReference; explicitFileType = undefined; fileEncoding = 9; includeInIndex = 0; lastKnownFileType = archive.ar; name = libGTM_core.a; path = "ParentPlanet/Plugins/phonegap-plugin-push/GCM/Libraries/libGTM_core.a"; sourceTree = "<group>"; };
		92C5ABFC230C46699146D1D3 /* GGLConfiguration.h */ = {isa = PBXFileReference; explicitFileType = undefined; fileEncoding = 4; includeInIndex = 0; lastKnownFileType = sourcecode.c.h; name = GGLConfiguration.h; path = "phonegap-plugin-push/GCM/Headers/GGLConfiguration.h"; sourceTree = "<group>"; };
		9873D69842D74E40B4D6B1B3 /* libGTM_iPhone.a */ = {isa = PBXFileReference; explicitFileType = undefined; fileEncoding = 9; includeInIndex = 0; lastKnownFileType = archive.ar; name = libGTM_iPhone.a; path = "ParentPlanet/Plugins/phonegap-plugin-push/GCM/Libraries/libGTM_iPhone.a"; sourceTree = "<group>"; };
		9886105DAA044B238B32AB3B /* DatePicker.h */ = {isa = PBXFileReference; explicitFileType = undefined; fileEncoding = 4; includeInIndex = 0; lastKnownFileType = sourcecode.c.h; name = DatePicker.h; path = "cordova-plugin-datepicker/DatePicker.h"; sourceTree = "<group>"; };
		9898421CEE854279AD98FF20 /* AppDelegate+notification.m */ = {isa = PBXFileReference; explicitFileType = undefined; fileEncoding = 4; includeInIndex = 0; lastKnownFileType = sourcecode.c.objc; name = "AppDelegate+notification.m"; path = "phonegap-plugin-push/AppDelegate+notification.m"; sourceTree = "<group>"; };
		9AC92971FCEB446ABAAC66A3 /* AudioToolbox.framework */ = {isa = PBXFileReference; explicitFileType = undefined; fileEncoding = 9; includeInIndex = 0; lastKnownFileType = wrapper.framework; name = AudioToolbox.framework; path = System/Library/Frameworks/AudioToolbox.framework; sourceTree = SDKROOT; };
		9E4917639A3447C191575214 /* CDVLogger.h */ = {isa = PBXFileReference; explicitFileType = undefined; fileEncoding = 4; includeInIndex = 0; lastKnownFileType = sourcecode.c.h; name = CDVLogger.h; path = org.apache.cordova.console/CDVLogger.h; sourceTree = "<group>"; };
		9FC9689F129A4B31A4C5A22D /* libGTM_NSScannerJSON.a */ = {isa = PBXFileReference; explicitFileType = undefined; fileEncoding = 9; includeInIndex = 0; lastKnownFileType = archive.ar; name = libGTM_NSScannerJSON.a; path = "ParentPlanet/Plugins/phonegap-plugin-push/GCM/Libraries/libGTM_NSScannerJSON.a"; sourceTree = "<group>"; };
		A0F687E41E32458DAE9EB3AA /* libGTMStackTrace.a */ = {isa = PBXFileReference; explicitFileType = undefined; fileEncoding = 9; includeInIndex = 0; lastKnownFileType = archive.ar; name = libGTMStackTrace.a; path = "ParentPlanet/Plugins/phonegap-plugin-push/GCM/Libraries/libGTMStackTrace.a"; sourceTree = "<group>"; };
		A2BC4AAD448341839DAA41DA /* libGGLCloudMessaging.a */ = {isa = PBXFileReference; explicitFileType = undefined; fileEncoding = 9; includeInIndex = 0; lastKnownFileType = archive.ar; name = libGGLCloudMessaging.a; path = "ParentPlanet/Plugins/phonegap-plugin-push/GCM/Libraries/libGGLCloudMessaging.a"; sourceTree = "<group>"; };
		A30237988384491A8F0D17BB /* CDVLocalFilesystem.h */ = {isa = PBXFileReference; explicitFileType = undefined; fileEncoding = 4; includeInIndex = 0; lastKnownFileType = sourcecode.c.h; name = CDVLocalFilesystem.h; path = "cordova-plugin-file/CDVLocalFilesystem.h"; sourceTree = "<group>"; };
		A436AB1ABE3D439BA354AA12 /* CDVInAppBrowser.m */ = {isa = PBXFileReference; explicitFileType = undefined; fileEncoding = 4; includeInIndex = 0; lastKnownFileType = sourcecode.c.objc; name = CDVInAppBrowser.m; path = "cordova-plugin-inappbrowser/CDVInAppBrowser.m"; sourceTree = "<group>"; };
		A4DA696DEC84490F87FE66CD /* libGGLInstanceIDLib.a */ = {isa = PBXFileReference; explicitFileType = undefined; fileEncoding = 9; includeInIndex = 0; lastKnownFileType = archive.ar; name = libGGLInstanceIDLib.a; path = "ParentPlanet/Plugins/phonegap-plugin-push/GCM/Libraries/libGGLInstanceIDLib.a"; sourceTree = "<group>"; };
		A594221D3F1148C6AAD8FD7A /* CDVInAppBrowser.h */ = {isa = PBXFileReference; explicitFileType = undefined; fileEncoding = 4; includeInIndex = 0; lastKnownFileType = sourcecode.c.h; name = CDVInAppBrowser.h; path = "cordova-plugin-inappbrowser/CDVInAppBrowser.h"; sourceTree = "<group>"; };
		A5D5AC17F9CC4FC797468042 /* AppDelegate+APPAppEvent.h */ = {isa = PBXFileReference; explicitFileType = undefined; fileEncoding = 4; includeInIndex = 0; lastKnownFileType = sourcecode.c.h; name = "AppDelegate+APPAppEvent.h"; path = "cordova-plugin-app-event/AppDelegate+APPAppEvent.h"; sourceTree = "<group>"; };
		ACF76E1988F04F7C82491E13 /* GCMConfig.h */ = {isa = PBXFileReference; explicitFileType = undefined; fileEncoding = 4; includeInIndex = 0; lastKnownFileType = sourcecode.c.h; name = GCMConfig.h; path = "phonegap-plugin-push/GCM/Headers/GCMConfig.h"; sourceTree = "<group>"; };
		AE599181E5F34D75B931FDB7 /* libGTM_AddressBook.a */ = {isa = PBXFileReference; explicitFileType = undefined; fileEncoding = 9; includeInIndex = 0; lastKnownFileType = archive.ar; name = libGTM_AddressBook.a; path = "ParentPlanet/Plugins/phonegap-plugin-push/GCM/Libraries/libGTM_AddressBook.a"; sourceTree = "<group>"; };
		B379ED135BD6478B8BA82888 /* GGLContext.h */ = {isa = PBXFileReference; explicitFileType = undefined; fileEncoding = 4; includeInIndex = 0; lastKnownFileType = sourcecode.c.h; name = GGLContext.h; path = "phonegap-plugin-push/GCM/Headers/GGLContext.h"; sourceTree = "<group>"; };
		B670C3F2DCC74743AE5E516F /* libGTM_StringEncoding.a */ = {isa = PBXFileReference; explicitFileType = undefined; fileEncoding = 9; includeInIndex = 0; lastKnownFileType = archive.ar; name = libGTM_StringEncoding.a; path = "ParentPlanet/Plugins/phonegap-plugin-push/GCM/Libraries/libGTM_StringEncoding.a"; sourceTree = "<group>"; };
		B6741DEB9C844A79A42AE017 /* libGTM_NSData+zlib.a */ = {isa = PBXFileReference; explicitFileType = undefined; fileEncoding = 9; includeInIndex = 0; lastKnownFileType = archive.ar; name = "libGTM_NSData+zlib.a"; path = "ParentPlanet/Plugins/phonegap-plugin-push/GCM/Libraries/libGTM_NSData+zlib.a"; sourceTree = "<group>"; };
		B8A524E2F8EA4D459434B83F /* GoogleCloudMessaging.h */ = {isa = PBXFileReference; explicitFileType = undefined; fileEncoding = 4; includeInIndex = 0; lastKnownFileType = sourcecode.c.h; name = GoogleCloudMessaging.h; path = "phonegap-plugin-push/GCM/Headers/GoogleCloudMessaging.h"; sourceTree = "<group>"; };
		B8CBB91A99054493A3F2BC7B /* libGTM_GTMURLBuilder.a */ = {isa = PBXFileReference; explicitFileType = undefined; fileEncoding = 9; includeInIndex = 0; lastKnownFileType = archive.ar; name = libGTM_GTMURLBuilder.a; path = "ParentPlanet/Plugins/phonegap-plugin-push/GCM/Libraries/libGTM_GTMURLBuilder.a"; sourceTree = "<group>"; };
		BE2819F1F23C4C50B8FE4F13 /* libGGLCore.a */ = {isa = PBXFileReference; explicitFileType = undefined; fileEncoding = 9; includeInIndex = 0; lastKnownFileType = archive.ar; name = libGGLCore.a; path = "ParentPlanet/Plugins/phonegap-plugin-push/GCM/Libraries/libGGLCore.a"; sourceTree = "<group>"; };
		BE946B476E134F21AAE8B5E1 /* CDVAssetLibraryFilesystem.m */ = {isa = PBXFileReference; explicitFileType = undefined; fileEncoding = 4; includeInIndex = 0; lastKnownFileType = sourcecode.c.objc; name = CDVAssetLibraryFilesystem.m; path = "cordova-plugin-file/CDVAssetLibraryFilesystem.m"; sourceTree = "<group>"; };
		C2F4FA6F4A084B1697C9A8DF /* CloudMessaging.h */ = {isa = PBXFileReference; explicitFileType = undefined; fileEncoding = 4; includeInIndex = 0; lastKnownFileType = sourcecode.c.h; name = CloudMessaging.h; path = "phonegap-plugin-push/GCM/Headers/CloudMessaging.h"; sourceTree = "<group>"; };
		C8590BF74A46407FB770FDF0 /* IonicKeyboard.h */ = {isa = PBXFileReference; explicitFileType = undefined; fileEncoding = 4; includeInIndex = 0; lastKnownFileType = sourcecode.c.h; name = IonicKeyboard.h; path = "ionic-plugin-keyboard/IonicKeyboard.h"; sourceTree = "<group>"; };
		CA22A2D4B87A4F20870C6210 /* Core.h */ = {isa = PBXFileReference; explicitFileType = undefined; fileEncoding = 4; includeInIndex = 0; lastKnownFileType = sourcecode.c.h; name = Core.h; path = "phonegap-plugin-push/GCM/Headers/Core.h"; sourceTree = "<group>"; };
		CBB21A8B45D74FAAA627EC02 /* EventKitUI.framework */ = {isa = PBXFileReference; explicitFileType = undefined; fileEncoding = 9; includeInIndex = 0; lastKnownFileType = wrapper.framework; name = EventKitUI.framework; path = System/Library/Frameworks/EventKitUI.framework; sourceTree = SDKROOT; };
		D1265C9F6DDA4516916DFA37 /* GGLErrorCode.h */ = {isa = PBXFileReference; explicitFileType = undefined; fileEncoding = 4; includeInIndex = 0; lastKnownFileType = sourcecode.c.h; name = GGLErrorCode.h; path = "phonegap-plugin-push/GCM/Headers/GGLErrorCode.h"; sourceTree = "<group>"; };
		D32C78E3786143349EB090D9 /* PushPlugin.h */ = {isa = PBXFileReference; explicitFileType = undefined; fileEncoding = 4; includeInIndex = 0; lastKnownFileType = sourcecode.c.h; name = PushPlugin.h; path = "phonegap-plugin-push/PushPlugin.h"; sourceTree = "<group>"; };
		D54633608DA049938C2AEA91 /* IonicKeyboard.m */ = {isa = PBXFileReference; explicitFileType = undefined; fileEncoding = 4; includeInIndex = 0; lastKnownFileType = sourcecode.c.objc; name = IonicKeyboard.m; path = "ionic-plugin-keyboard/IonicKeyboard.m"; sourceTree = "<group>"; };
		D5BAD425741C4021A0360E60 /* libGTM_UIFont+LineHeight.a */ = {isa = PBXFileReference; explicitFileType = undefined; fileEncoding = 9; includeInIndex = 0; lastKnownFileType = archive.ar; name = "libGTM_UIFont+LineHeight.a"; path = "ParentPlanet/Plugins/phonegap-plugin-push/GCM/Libraries/libGTM_UIFont+LineHeight.a"; sourceTree = "<group>"; };
		D8748A07E2114A69898EFB2D /* libProtocolBuffers.a */ = {isa = PBXFileReference; explicitFileType = undefined; fileEncoding = 9; includeInIndex = 0; lastKnownFileType = archive.ar; name = libProtocolBuffers.a; path = "ParentPlanet/Plugins/phonegap-plugin-push/GCM/Libraries/libProtocolBuffers.a"; sourceTree = "<group>"; };
		DC70D9C3C6694363AA619B53 /* CDVAssetLibraryFilesystem.h */ = {isa = PBXFileReference; explicitFileType = undefined; fileEncoding = 4; includeInIndex = 0; lastKnownFileType = sourcecode.c.h; name = CDVAssetLibraryFilesystem.h; path = "cordova-plugin-file/CDVAssetLibraryFilesystem.h"; sourceTree = "<group>"; };
		DE5534D9A278453ABC226B30 /* GGLContext+CloudMessaging.h */ = {isa = PBXFileReference; explicitFileType = undefined; fileEncoding = 4; includeInIndex = 0; lastKnownFileType = sourcecode.c.h; name = "GGLContext+CloudMessaging.h"; path = "phonegap-plugin-push/GCM/Headers/GGLContext+CloudMessaging.h"; sourceTree = "<group>"; };
		E067300219E74983A12FA783 /* GGLInstanceID.h */ = {isa = PBXFileReference; explicitFileType = undefined; fileEncoding = 4; includeInIndex = 0; lastKnownFileType = sourcecode.c.h; name = GGLInstanceID.h; path = "phonegap-plugin-push/GCM/Headers/GGLInstanceID.h"; sourceTree = "<group>"; };
		E7E6DAE2EF5F45D98DA6A84B /* GCMPubSub.h */ = {isa = PBXFileReference; explicitFileType = undefined; fileEncoding = 4; includeInIndex = 0; lastKnownFileType = sourcecode.c.h; name = GCMPubSub.h; path = "phonegap-plugin-push/GCM/Headers/GCMPubSub.h"; sourceTree = "<group>"; };
		EB87FDF31871DA8E0020F90C /* www */ = {isa = PBXFileReference; lastKnownFileType = folder; name = www; path = ../../www; sourceTree = "<group>"; };
		EB87FDF41871DAF40020F90C /* config.xml */ = {isa = PBXFileReference; lastKnownFileType = text.xml; name = config.xml; path = ../../config.xml; sourceTree = "<group>"; };
		ED33DF2A687741AEAF9F8254 /* Bridging-Header.h */ = {isa = PBXFileReference; fileEncoding = 4; lastKnownFileType = sourcecode.c.h; path = "Bridging-Header.h"; sourceTree = "<group>"; };
		EE47D544FFC549538FC1C045 /* CDVBackgroundFetch.m */ = {isa = PBXFileReference; explicitFileType = undefined; fileEncoding = 4; includeInIndex = 0; lastKnownFileType = sourcecode.c.objc; name = CDVBackgroundFetch.m; path = org.transistorsoft.cordova.plugin.background.fetch/CDVBackgroundFetch.m; sourceTree = "<group>"; };
		F840E1F0165FE0F500CFE078 /* config.xml */ = {isa = PBXFileReference; lastKnownFileType = text.xml; name = config.xml; path = ParentPlanet/config.xml; sourceTree = "<group>"; };
		FA518CD0B392477F9B5F9128 /* SystemConfiguration.framework */ = {isa = PBXFileReference; explicitFileType = undefined; fileEncoding = 9; includeInIndex = 0; lastKnownFileType = wrapper.framework; name = SystemConfiguration.framework; path = System/Library/Frameworks/SystemConfiguration.framework; sourceTree = SDKROOT; };
		FDB267B776044B1EBD225F5F /* CDVVibration.m */ = {isa = PBXFileReference; explicitFileType = undefined; fileEncoding = 4; includeInIndex = 0; lastKnownFileType = sourcecode.c.objc; name = CDVVibration.m; path = org.apache.cordova.vibration/CDVVibration.m; sourceTree = "<group>"; };
		FFEEB16274AE4A0EBE79481C /* DatePicker.m */ = {isa = PBXFileReference; explicitFileType = undefined; fileEncoding = 4; includeInIndex = 0; lastKnownFileType = sourcecode.c.objc; name = DatePicker.m; path = "cordova-plugin-datepicker/DatePicker.m"; sourceTree = "<group>"; };
		023770C2CF2D4F6EAABA88F4 /* CDVDevice.m */ = {isa = PBXFileReference; name = "CDVDevice.m"; path = "cordova-plugin-device/CDVDevice.m"; sourceTree = "<group>"; fileEncoding = 4; lastKnownFileType = sourcecode.c.objc; explicitFileType = undefined; includeInIndex = 0; };
		971DDBF940E24A0FA9DA6FCF /* CDVDevice.h */ = {isa = PBXFileReference; name = "CDVDevice.h"; path = "cordova-plugin-device/CDVDevice.h"; sourceTree = "<group>"; fileEncoding = 4; lastKnownFileType = sourcecode.c.h; explicitFileType = undefined; includeInIndex = 0; };
		97C316DA64054A2CBE162ECB /* APPLocalNotification.m */ = {isa = PBXFileReference; name = "APPLocalNotification.m"; path = "de.appplant.cordova.plugin.local-notification/APPLocalNotification.m"; sourceTree = "<group>"; fileEncoding = 4; lastKnownFileType = sourcecode.c.objc; explicitFileType = undefined; includeInIndex = 0; };
		7F62B2F343634E31A4059567 /* APPLocalNotificationOptions.m */ = {isa = PBXFileReference; name = "APPLocalNotificationOptions.m"; path = "de.appplant.cordova.plugin.local-notification/APPLocalNotificationOptions.m"; sourceTree = "<group>"; fileEncoding = 4; lastKnownFileType = sourcecode.c.objc; explicitFileType = undefined; includeInIndex = 0; };
		88488D129B3B4F878E1D7CA6 /* UIApplication+APPLocalNotification.m */ = {isa = PBXFileReference; name = "UIApplication+APPLocalNotification.m"; path = "de.appplant.cordova.plugin.local-notification/UIApplication+APPLocalNotification.m"; sourceTree = "<group>"; fileEncoding = 4; lastKnownFileType = sourcecode.c.objc; explicitFileType = undefined; includeInIndex = 0; };
		1F6548474FCF44A7B8EB2706 /* UILocalNotification+APPLocalNotification.m */ = {isa = PBXFileReference; name = "UILocalNotification+APPLocalNotification.m"; path = "de.appplant.cordova.plugin.local-notification/UILocalNotification+APPLocalNotification.m"; sourceTree = "<group>"; fileEncoding = 4; lastKnownFileType = sourcecode.c.objc; explicitFileType = undefined; includeInIndex = 0; };
		2A72E3256FA3479CB39E0B52 /* APPLocalNotification.h */ = {isa = PBXFileReference; name = "APPLocalNotification.h"; path = "de.appplant.cordova.plugin.local-notification/APPLocalNotification.h"; sourceTree = "<group>"; fileEncoding = 4; lastKnownFileType = sourcecode.c.h; explicitFileType = undefined; includeInIndex = 0; };
		79828138D7484282BC215056 /* APPLocalNotificationOptions.h */ = {isa = PBXFileReference; name = "APPLocalNotificationOptions.h"; path = "de.appplant.cordova.plugin.local-notification/APPLocalNotificationOptions.h"; sourceTree = "<group>"; fileEncoding = 4; lastKnownFileType = sourcecode.c.h; explicitFileType = undefined; includeInIndex = 0; };
		1418816745004CBDB0E07F99 /* UIApplication+APPLocalNotification.h */ = {isa = PBXFileReference; name = "UIApplication+APPLocalNotification.h"; path = "de.appplant.cordova.plugin.local-notification/UIApplication+APPLocalNotification.h"; sourceTree = "<group>"; fileEncoding = 4; lastKnownFileType = sourcecode.c.h; explicitFileType = undefined; includeInIndex = 0; };
		0DDBA4FA88324E7D914D65EF /* UILocalNotification+APPLocalNotification.h */ = {isa = PBXFileReference; name = "UILocalNotification+APPLocalNotification.h"; path = "de.appplant.cordova.plugin.local-notification/UILocalNotification+APPLocalNotification.h"; sourceTree = "<group>"; fileEncoding = 4; lastKnownFileType = sourcecode.c.h; explicitFileType = undefined; includeInIndex = 0; };
/* End PBXFileReference section */

/* Begin PBXFrameworksBuildPhase section */
		1D60588F0D05DD3D006BFB54 /* Frameworks */ = {
			isa = PBXFrameworksBuildPhase;
			buildActionMask = 2147483647;
			files = (
				301BF552109A68D80062928A /* libCordova.a in Frameworks */,
				7530B0A539724FBC844F6A74 /* EventKit.framework in Frameworks */,
				5E0DEA8BB2434EEE87719942 /* EventKitUI.framework in Frameworks */,
				B7931E41211A4A8E89305AB1 /* ImageIO.framework in Frameworks */,
				D8DEBF5D6466467FAB11F37B /* CoreLocation.framework in Frameworks */,
				6999B513B36D4B478ADF3B42 /* AddressBook.framework in Frameworks */,
				C3FDF052EF0745A3A742FCDE /* AddressBookUI.framework in Frameworks */,
				DE5F14FD67A2495491F7AEED /* AudioToolbox.framework in Frameworks */,
				13B97EFC81314AD4A88E977D /* SystemConfiguration.framework in Frameworks */,
				94D476BA60504B98BB179BE5 /* libGGLCloudMessaging.a in Frameworks */,
				77A82CE172A94F87B54C7433 /* libGGLCore.a in Frameworks */,
				123BCBCF14774E7BABA1E266 /* libGGLInstanceIDLib.a in Frameworks */,
				AFA4343CE4F14B4194CD2C42 /* libGIP_Reachability.a in Frameworks */,
				0FF6A15844774D1EB0072BCB /* libGSDK_Overload.a in Frameworks */,
				D17DACFB54BF4AF4B0FC7CD3 /* libGTMSessionFetcher_core.a in Frameworks */,
				782FA921C46945BD985C28F0 /* libGTMSessionFetcher_full.a in Frameworks */,
				AC8D6E692C5B442190AB79CC /* libGTMStackTrace.a in Frameworks */,
				0C00723ED4064FB7BB8D0C15 /* libGTM_AddressBook.a in Frameworks */,
				0388D8E175124C1992356622 /* libGTM_DebugUtils.a in Frameworks */,
				A79942FB1F764A00A8202577 /* libGTM_GTMURLBuilder.a in Frameworks */,
				C8D418CB15D54FE4A92CCE48 /* libGTM_KVO.a in Frameworks */,
				5A2E697D4D9348D4B0CB54F9 /* libGTM_NSData+zlib.a in Frameworks */,
				75F959454912406EAFE941FA /* libGTM_NSDictionary+URLArguments.a in Frameworks */,
				0F6674C4548845E8AB7A36DF /* libGTM_NSScannerJSON.a in Frameworks */,
				EDA342ADDCC44378A866BFC2 /* libGTM_NSStringHTML.a in Frameworks */,
				8DF393318A944F53970AF6B5 /* libGTM_NSStringXML.a in Frameworks */,
				6E1845709D7C4339A7726E44 /* libGTM_Regex.a in Frameworks */,
				80ACF79E5C6F49B2817550A9 /* libGTM_RoundedRectPath.a in Frameworks */,
				2C1BBC5033924FB596C2E677 /* libGTM_StringEncoding.a in Frameworks */,
				945CFF3399E44F6FA511F500 /* libGTM_SystemVersion.a in Frameworks */,
				5EA48DB950E4487EA6778EC2 /* libGTM_UIFont+LineHeight.a in Frameworks */,
				D07CEF596104497AAC8929B8 /* libGTM_core.a in Frameworks */,
				B3EBB94A37D84F9C917AB924 /* libGTM_iPhone.a in Frameworks */,
				C58598A35E4341E5A2194388 /* libGcmLib.a in Frameworks */,
				2DB5F2625C8440CABEA5B870 /* libProtocolBuffers.a in Frameworks */,
				53EDE6C314BF44BCB742B5DF /* libsqlite3.tbd in Frameworks */,
				BF7B402637FA454DAAE7BC55 /* libz.tbd in Frameworks */,
			);
			runOnlyForDeploymentPostprocessing = 0;
		};
/* End PBXFrameworksBuildPhase section */

/* Begin PBXGroup section */
		080E96DDFE201D6D7F000001 /* Classes */ = {
			isa = PBXGroup;
			children = (
				302D95EE14D2391D003F00A1 /* MainViewController.h */,
				302D95EF14D2391D003F00A1 /* MainViewController.m */,
				302D95F014D2391D003F00A1 /* MainViewController.xib */,
				1D3623240D0F684500981E51 /* AppDelegate.h */,
				1D3623250D0F684500981E51 /* AppDelegate.m */,
			);
			name = Classes;
			path = ParentPlanet/Classes;
			sourceTree = SOURCE_ROOT;
		};
		19C28FACFE9D520D11CA2CBB /* Products */ = {
			isa = PBXGroup;
			children = (
				1D6058910D05DD3D006BFB54 /* ParentPlanet.app */,
			);
			name = Products;
			sourceTree = "<group>";
		};
		29B97314FDCFA39411CA2CEA /* CustomTemplate */ = {
			isa = PBXGroup;
			children = (
				82A9A2EC1D9186F100045209 /* ParentPlanet.entitlements */,
				EB87FDF41871DAF40020F90C /* config.xml */,
				EB87FDF31871DA8E0020F90C /* www */,
				EB87FDF11871DA420020F90C /* Staging */,
				301BF52D109A57CC0062928A /* CordovaLib.xcodeproj */,
				080E96DDFE201D6D7F000001 /* Classes */,
				307C750510C5A3420062BCA9 /* Plugins */,
				29B97315FDCFA39411CA2CEA /* Other Sources */,
				29B97317FDCFA39411CA2CEA /* Resources */,
				29B97323FDCFA39411CA2CEA /* Frameworks */,
				19C28FACFE9D520D11CA2CBB /* Products */,
			);
			name = CustomTemplate;
			sourceTree = "<group>";
		};
		29B97315FDCFA39411CA2CEA /* Other Sources */ = {
			isa = PBXGroup;
			children = (
				32CA4F630368D1EE00C91783 /* ParentPlanet-Prefix.pch */,
				29B97316FDCFA39411CA2CEA /* main.m */,
				ED33DF2A687741AEAF9F8254 /* Bridging-Header.h */,
			);
			name = "Other Sources";
			path = ParentPlanet;
			sourceTree = "<group>";
		};
		29B97317FDCFA39411CA2CEA /* Resources */ = {
			isa = PBXGroup;
			children = (
				0207DA571B56EA530066E2B4 /* Images.xcassets */,
				3047A50E1AB8057F00498E2A /* config */,
				8D1107310486CEB800E47090 /* ParentPlanet-Info.plist */,
				1793D578FA96414480B1534D /* DatePicker.xib */,
			);
			name = Resources;
			path = ParentPlanet/Resources;
			sourceTree = "<group>";
		};
		29B97323FDCFA39411CA2CEA /* Frameworks */ = {
			isa = PBXGroup;
			children = (
				30AD146A58DA45FA9C76DBC4 /* EventKit.framework */,
				CBB21A8B45D74FAAA627EC02 /* EventKitUI.framework */,
				1BB65FBBF0D94C56AA6D119A /* ImageIO.framework */,
				0837C333A70345908371BB28 /* CoreLocation.framework */,
				1D02DD1253EA43AFB77470D0 /* AddressBook.framework */,
				0AD914E882244B80BDF6FB7C /* AddressBookUI.framework */,
				9AC92971FCEB446ABAAC66A3 /* AudioToolbox.framework */,
				FA518CD0B392477F9B5F9128 /* SystemConfiguration.framework */,
				A2BC4AAD448341839DAA41DA /* libGGLCloudMessaging.a */,
				BE2819F1F23C4C50B8FE4F13 /* libGGLCore.a */,
				A4DA696DEC84490F87FE66CD /* libGGLInstanceIDLib.a */,
				4D1705193D044EF099D339CA /* libGIP_Reachability.a */,
				2508A0CD4D4C43D990A678E1 /* libGSDK_Overload.a */,
				5598334691FF4CC79E4E7D6D /* libGTMSessionFetcher_core.a */,
				64150B262C2A4C8CAB3EC654 /* libGTMSessionFetcher_full.a */,
				A0F687E41E32458DAE9EB3AA /* libGTMStackTrace.a */,
				AE599181E5F34D75B931FDB7 /* libGTM_AddressBook.a */,
				2B678AA244A64CBE88FD2D94 /* libGTM_DebugUtils.a */,
				B8CBB91A99054493A3F2BC7B /* libGTM_GTMURLBuilder.a */,
				88151FF32A7D4E7C97B72E10 /* libGTM_KVO.a */,
				B6741DEB9C844A79A42AE017 /* libGTM_NSData+zlib.a */,
				19B7B5B9F44A4F6B980655DB /* libGTM_NSDictionary+URLArguments.a */,
				9FC9689F129A4B31A4C5A22D /* libGTM_NSScannerJSON.a */,
				6F76ABB54D5D49E685691D11 /* libGTM_NSStringHTML.a */,
				5535870CE0934B67887CFBBD /* libGTM_NSStringXML.a */,
				511BB9672C254AE4B424B94C /* libGTM_Regex.a */,
				4400F35A333E4365846B4154 /* libGTM_RoundedRectPath.a */,
				B670C3F2DCC74743AE5E516F /* libGTM_StringEncoding.a */,
				89A33D45F1414DBDB271F7E1 /* libGTM_SystemVersion.a */,
				D5BAD425741C4021A0360E60 /* libGTM_UIFont+LineHeight.a */,
				8D994B415D1645F283B6555D /* libGTM_core.a */,
				9873D69842D74E40B4D6B1B3 /* libGTM_iPhone.a */,
				1268BB47F6D6445FAD0220A2 /* libGcmLib.a */,
				D8748A07E2114A69898EFB2D /* libProtocolBuffers.a */,
				1C416F5626E34890803F9D07 /* libsqlite3.tbd */,
				852F7F516992419C8B56DC37 /* libz.tbd */,
			);
			name = Frameworks;
			sourceTree = "<group>";
		};
		301BF52E109A57CC0062928A /* Products */ = {
			isa = PBXGroup;
			children = (
				301BF535109A57CC0062928A /* libCordova.a */,
			);
			name = Products;
			sourceTree = "<group>";
		};
		3047A50E1AB8057F00498E2A /* config */ = {
			isa = PBXGroup;
			children = (
				3047A50F1AB8059700498E2A /* build-debug.xcconfig */,
				3047A5101AB8059700498E2A /* build-release.xcconfig */,
				3047A5111AB8059700498E2A /* build.xcconfig */,
			);
			name = config;
			sourceTree = "<group>";
		};
		307C750510C5A3420062BCA9 /* Plugins */ = {
			isa = PBXGroup;
			children = (
				0EE5DE9E46DF455DB3E7F5D8 /* Calendar.m */,
				86F6F85F147E4852B83618B5 /* Calendar.h */,
				10B8ADCF87A646569952A124 /* CDVLogger.m */,
				9E4917639A3447C191575214 /* CDVLogger.h */,
				72D0E55D4CBE49DD98BC4083 /* CDVStatusBar.m */,
				83FCD2BF9C68427DB7782BE7 /* CDVStatusBar.h */,
				FDB267B776044B1EBD225F5F /* CDVVibration.m */,
				59F016CD2D6C4ED8830B5A55 /* CDVVibration.h */,
				D54633608DA049938C2AEA91 /* IonicKeyboard.m */,
				C8590BF74A46407FB770FDF0 /* IonicKeyboard.h */,
				FFEEB16274AE4A0EBE79481C /* DatePicker.m */,
				9886105DAA044B238B32AB3B /* DatePicker.h */,
				9898421CEE854279AD98FF20 /* AppDelegate+notification.m */,
				0B128463CF694747AE5EABD6 /* PushPlugin.m */,
				711D476B919748DDB0ACEE01 /* AppDelegate+notification.h */,
				D32C78E3786143349EB090D9 /* PushPlugin.h */,
				E067300219E74983A12FA783 /* GGLInstanceID.h */,
				72D3AC7F7E7F4FAE97403D1E /* GGLInstanceIDConfig.h */,
				1B85A48168324F14852CB404 /* GGLInstanceIDDelegate.h */,
				87C76B65EB2449EA96CE9E14 /* GGLInstanceIDHeaders.h */,
				C2F4FA6F4A084B1697C9A8DF /* CloudMessaging.h */,
				DE5534D9A278453ABC226B30 /* GGLContext+CloudMessaging.h */,
				CA22A2D4B87A4F20870C6210 /* Core.h */,
				92C5ABFC230C46699146D1D3 /* GGLConfiguration.h */,
				B379ED135BD6478B8BA82888 /* GGLContext.h */,
				D1265C9F6DDA4516916DFA37 /* GGLErrorCode.h */,
				ACF76E1988F04F7C82491E13 /* GCMConfig.h */,
				E7E6DAE2EF5F45D98DA6A84B /* GCMPubSub.h */,
				620689A114774F1982F2866C /* GCMReceiverDelegate.h */,
				23ED047E2F9E49D9A14F8569 /* GCMService.h */,
				B8A524E2F8EA4D459434B83F /* GoogleCloudMessaging.h */,
				EE47D544FFC549538FC1C045 /* CDVBackgroundFetch.m */,
				7B2033E8B3624BA4B49F68E5 /* CDVBackgroundFetch.h */,
				34484562D32741AD8EF08FCE /* CDVFile.m */,
				7FFEADB75DBE4D6C83A3E1FE /* CDVLocalFilesystem.m */,
				BE946B476E134F21AAE8B5E1 /* CDVAssetLibraryFilesystem.m */,
				36493BBDC2C14E1695C35EE3 /* CDVFile.h */,
				A30237988384491A8F0D17BB /* CDVLocalFilesystem.h */,
				DC70D9C3C6694363AA619B53 /* CDVAssetLibraryFilesystem.h */,
				63B2AA896E4E41EDAB18005B /* AppDelegate+APPAppEvent.m */,
				525214A22A474AE1BB833A0A /* CDVPlugin+APPAppEvent.m */,
				A5D5AC17F9CC4FC797468042 /* AppDelegate+APPAppEvent.h */,
				48DB856A8C6A4578B4A56E01 /* CDVPlugin+APPAppEvent.h */,
				4D0605F5D0594ABEB3F8172A /* APPAppEventDelegate.h */,
				A436AB1ABE3D439BA354AA12 /* CDVInAppBrowser.m */,
				A594221D3F1148C6AAD8FD7A /* CDVInAppBrowser.h */,
				188F3631999F4E5ABAE8FCB4 /* APPBadge.m */,
				204FB8737EAC442FB5B1185A /* UIApplication+APPBadge.m */,
				6D2B42141AD14AC7BA56B41C /* APPBadge.h */,
				04F6FED862E743B080BB955C /* UIApplication+APPBadge.h */,
				023770C2CF2D4F6EAABA88F4 /* CDVDevice.m */,
				971DDBF940E24A0FA9DA6FCF /* CDVDevice.h */,
				97C316DA64054A2CBE162ECB /* APPLocalNotification.m */,
				7F62B2F343634E31A4059567 /* APPLocalNotificationOptions.m */,
				88488D129B3B4F878E1D7CA6 /* UIApplication+APPLocalNotification.m */,
				1F6548474FCF44A7B8EB2706 /* UILocalNotification+APPLocalNotification.m */,
				2A72E3256FA3479CB39E0B52 /* APPLocalNotification.h */,
				79828138D7484282BC215056 /* APPLocalNotificationOptions.h */,
				1418816745004CBDB0E07F99 /* UIApplication+APPLocalNotification.h */,
				0DDBA4FA88324E7D914D65EF /* UILocalNotification+APPLocalNotification.h */,
			);
			name = Plugins;
			path = ParentPlanet/Plugins;
			sourceTree = SOURCE_ROOT;
		};
		EB87FDF11871DA420020F90C /* Staging */ = {
			isa = PBXGroup;
			children = (
				F840E1F0165FE0F500CFE078 /* config.xml */,
				301BF56E109A69640062928A /* www */,
			);
			name = Staging;
			sourceTree = "<group>";
		};
/* End PBXGroup section */

/* Begin PBXNativeTarget section */
		1D6058900D05DD3D006BFB54 /* ParentPlanet */ = {
			isa = PBXNativeTarget;
			buildConfigurationList = 1D6058960D05DD3E006BFB54 /* Build configuration list for PBXNativeTarget "ParentPlanet" */;
			buildPhases = (
				304B58A110DAC018002A0835 /* Copy www directory */,
				1D60588D0D05DD3D006BFB54 /* Resources */,
				1D60588E0D05DD3D006BFB54 /* Sources */,
				1D60588F0D05DD3D006BFB54 /* Frameworks */,
			);
			buildRules = (
			);
			dependencies = (
				301BF551109A68C00062928A /* PBXTargetDependency */,
			);
			name = ParentPlanet;
			productName = ParentPlanet;
			productReference = 1D6058910D05DD3D006BFB54 /* ParentPlanet.app */;
			productType = "com.apple.product-type.application";
		};
/* End PBXNativeTarget section */

/* Begin PBXProject section */
		29B97313FDCFA39411CA2CEA /* Project object */ = {
			isa = PBXProject;
			attributes = {
				LastUpgradeCheck = 800;
				TargetAttributes = {
					1D6058900D05DD3D006BFB54 = {
						DevelopmentTeam = EF8XZ4VUS5;
						SystemCapabilities = {
							com.apple.Push = {
								enabled = 1;
							};
						};
					};
				};
			};
			buildConfigurationList = C01FCF4E08A954540054247B /* Build configuration list for PBXProject "ParentPlanet" */;
			compatibilityVersion = "Xcode 3.2";
			developmentRegion = English;
			hasScannedForEncodings = 1;
			knownRegions = (
				en,
			);
			mainGroup = 29B97314FDCFA39411CA2CEA /* CustomTemplate */;
			projectDirPath = "";
			projectReferences = (
				{
					ProductGroup = 301BF52E109A57CC0062928A /* Products */;
					ProjectRef = 301BF52D109A57CC0062928A /* CordovaLib.xcodeproj */;
				},
			);
			projectRoot = "";
			targets = (
				1D6058900D05DD3D006BFB54 /* ParentPlanet */,
			);
		};
/* End PBXProject section */

/* Begin PBXReferenceProxy section */
		301BF535109A57CC0062928A /* libCordova.a */ = {
			isa = PBXReferenceProxy;
			fileType = archive.ar;
			path = libCordova.a;
			remoteRef = 301BF534109A57CC0062928A /* PBXContainerItemProxy */;
			sourceTree = BUILT_PRODUCTS_DIR;
		};
/* End PBXReferenceProxy section */

/* Begin PBXResourcesBuildPhase section */
		1D60588D0D05DD3D006BFB54 /* Resources */ = {
			isa = PBXResourcesBuildPhase;
			buildActionMask = 2147483647;
			files = (
				302D95F214D2391D003F00A1 /* MainViewController.xib in Resources */,
				0207DA581B56EA530066E2B4 /* Images.xcassets in Resources */,
				499F6D4A77BE4158A151BA19 /* DatePicker.xib in Resources */,
			);
			runOnlyForDeploymentPostprocessing = 0;
		};
/* End PBXResourcesBuildPhase section */

/* Begin PBXShellScriptBuildPhase section */
		304B58A110DAC018002A0835 /* Copy www directory */ = {
			isa = PBXShellScriptBuildPhase;
			buildActionMask = 2147483647;
			files = (
			);
			inputPaths = (
			);
			name = "Copy www directory";
			outputPaths = (
			);
			runOnlyForDeploymentPostprocessing = 0;
			shellPath = /bin/sh;
			shellScript = "NODEJS_PATH=/usr/local/bin; NVM_NODE_PATH=~/.nvm/versions/node/`nvm version 2>/dev/null`/bin; N_NODE_PATH=`find /usr/local/n/versions/node/* -maxdepth 0 -type d 2>/dev/null | tail -1`/bin; XCODE_NODE_PATH=`xcode-select --print-path`/usr/share/xcs/Node/bin; PATH=$NODEJS_PATH:$NVM_NODE_PATH:$N_NODE_PATH:$XCODE_NODE_PATH:$PATH && node cordova/lib/copy-www-build-step.js";
			showEnvVarsInLog = 0;
		};
/* End PBXShellScriptBuildPhase section */

/* Begin PBXSourcesBuildPhase section */
		1D60588E0D05DD3D006BFB54 /* Sources */ = {
			isa = PBXSourcesBuildPhase;
			buildActionMask = 2147483647;
			files = (
				1D60589B0D05DD56006BFB54 /* main.m in Sources */,
				1D3623260D0F684500981E51 /* AppDelegate.m in Sources */,
				302D95F114D2391D003F00A1 /* MainViewController.m in Sources */,
				EA9297C2E1364052B366B9BD /* Calendar.m in Sources */,
				0EF78830457C48149E51D64B /* CDVLogger.m in Sources */,
				28181E5ADDB64F259EE9A92F /* CDVStatusBar.m in Sources */,
				90F0BC93E5E4434C835447BC /* CDVVibration.m in Sources */,
				48505B677B6041668E1B7885 /* IonicKeyboard.m in Sources */,
				D672A11078EB4257AAE51EE2 /* DatePicker.m in Sources */,
				D67A4EDB71D44C518EC94514 /* AppDelegate+notification.m in Sources */,
				7CCDC6EEDD6C4F14B47708FD /* PushPlugin.m in Sources */,
				D5C2FFB4C7354977B45A39C3 /* CDVBackgroundFetch.m in Sources */,
				AE4E5215E12D4EA891A2A7F4 /* CDVFile.m in Sources */,
				08ED08F27DC840F7B69037AE /* CDVLocalFilesystem.m in Sources */,
				C6677E02FE8A49E0999BCF54 /* CDVAssetLibraryFilesystem.m in Sources */,
				00D1BB101BD7495EB62CF995 /* AppDelegate+APPAppEvent.m in Sources */,
				0A000E73FC33476DB8220E76 /* CDVPlugin+APPAppEvent.m in Sources */,
				43A4EE3499294699A8DFC5D0 /* CDVInAppBrowser.m in Sources */,
				228AF2F7F4BA4002A3C5F8DE /* APPBadge.m in Sources */,
				2F9B30D83E2B4127BC5B6A70 /* UIApplication+APPBadge.m in Sources */,
				A0ACFE97B6D5452596D11688 /* CDVDevice.m in Sources */,
				A5CF72DC65C74AD5B80DEED5 /* APPLocalNotification.m in Sources */,
				80777C867D534C4395ED39D6 /* APPLocalNotificationOptions.m in Sources */,
				F0787CA8DBF749BB9E492FA0 /* UIApplication+APPLocalNotification.m in Sources */,
				723026059B3C442CB53FE615 /* UILocalNotification+APPLocalNotification.m in Sources */,
			);
			runOnlyForDeploymentPostprocessing = 0;
		};
/* End PBXSourcesBuildPhase section */

/* Begin PBXTargetDependency section */
		301BF551109A68C00062928A /* PBXTargetDependency */ = {
			isa = PBXTargetDependency;
			name = CordovaLib;
			targetProxy = 301BF550109A68C00062928A /* PBXContainerItemProxy */;
		};
/* End PBXTargetDependency section */

/* Begin XCBuildConfiguration section */
		1D6058940D05DD3E006BFB54 /* Debug */ = {
			isa = XCBuildConfiguration;
			baseConfigurationReference = 3047A50F1AB8059700498E2A /* build-debug.xcconfig */;
			buildSettings = {
				ALWAYS_SEARCH_USER_PATHS = NO;
				ASSETCATALOG_COMPILER_APPICON_NAME = AppIcon;
				ASSETCATALOG_COMPILER_LAUNCHIMAGE_NAME = LaunchImage;
				CLANG_ENABLE_MODULES = YES;
				CLANG_ENABLE_OBJC_ARC = YES;
				CODE_SIGN_ENTITLEMENTS = ParentPlanet/ParentPlanet.entitlements;
				CODE_SIGN_IDENTITY = "iPhone Developer";
				"CODE_SIGN_IDENTITY[sdk=iphoneos*]" = "iPhone Developer";
				COPY_PHASE_STRIP = NO;
				DEVELOPMENT_TEAM = EF8XZ4VUS5;
				GCC_DYNAMIC_NO_PIC = NO;
				GCC_OPTIMIZATION_LEVEL = 0;
				GCC_PRECOMPILE_PREFIX_HEADER = YES;
				GCC_PREFIX_HEADER = "ParentPlanet/ParentPlanet-Prefix.pch";
				GCC_THUMB_SUPPORT = NO;
				GCC_VERSION = "";
				INFOPLIST_FILE = "ParentPlanet/ParentPlanet-Info.plist";
				IPHONEOS_DEPLOYMENT_TARGET = 8.0;
				LD_RUNPATH_SEARCH_PATHS = "@executable_path/Frameworks";
				LIBRARY_SEARCH_PATHS = (
					"$(inherited)",
					"\"$(SRCROOT)/ParentPlanet/Plugins/phonegap-plugin-push/GCM/Libraries\"",
					"\"$(SRCROOT)/ParentPlanet/Plugins/phonegap-plugin-push/GCM/Libraries\"",
					"\"$(SRCROOT)/ParentPlanet/Plugins/phonegap-plugin-push/GCM/Libraries\"",
					"\"$(SRCROOT)/ParentPlanet/Plugins/phonegap-plugin-push/GCM/Libraries\"",
					"\"$(SRCROOT)/ParentPlanet/Plugins/phonegap-plugin-push/GCM/Libraries\"",
					"\"$(SRCROOT)/ParentPlanet/Plugins/phonegap-plugin-push/GCM/Libraries\"",
					"\"$(SRCROOT)/ParentPlanet/Plugins/phonegap-plugin-push/GCM/Libraries\"",
					"\"$(SRCROOT)/ParentPlanet/Plugins/phonegap-plugin-push/GCM/Libraries\"",
					"\"$(SRCROOT)/ParentPlanet/Plugins/phonegap-plugin-push/GCM/Libraries\"",
					"\"$(SRCROOT)/ParentPlanet/Plugins/phonegap-plugin-push/GCM/Libraries\"",
					"\"$(SRCROOT)/ParentPlanet/Plugins/phonegap-plugin-push/GCM/Libraries\"",
					"\"$(SRCROOT)/ParentPlanet/Plugins/phonegap-plugin-push/GCM/Libraries\"",
					"\"$(SRCROOT)/ParentPlanet/Plugins/phonegap-plugin-push/GCM/Libraries\"",
					"\"$(SRCROOT)/ParentPlanet/Plugins/phonegap-plugin-push/GCM/Libraries\"",
					"\"$(SRCROOT)/ParentPlanet/Plugins/phonegap-plugin-push/GCM/Libraries\"",
					"\"$(SRCROOT)/ParentPlanet/Plugins/phonegap-plugin-push/GCM/Libraries\"",
					"\"$(SRCROOT)/ParentPlanet/Plugins/phonegap-plugin-push/GCM/Libraries\"",
					"\"$(SRCROOT)/ParentPlanet/Plugins/phonegap-plugin-push/GCM/Libraries\"",
					"\"$(SRCROOT)/ParentPlanet/Plugins/phonegap-plugin-push/GCM/Libraries\"",
					"\"$(SRCROOT)/ParentPlanet/Plugins/phonegap-plugin-push/GCM/Libraries\"",
					"\"$(SRCROOT)/ParentPlanet/Plugins/phonegap-plugin-push/GCM/Libraries\"",
					"\"$(SRCROOT)/ParentPlanet/Plugins/phonegap-plugin-push/GCM/Libraries\"",
					"\"$(SRCROOT)/ParentPlanet/Plugins/phonegap-plugin-push/GCM/Libraries\"",
					"\"$(SRCROOT)/ParentPlanet/Plugins/phonegap-plugin-push/GCM/Libraries\"",
					"\"$(SRCROOT)/ParentPlanet/Plugins/phonegap-plugin-push/GCM/Libraries\"",
					"\"$(SRCROOT)/ParentPlanet/Plugins/phonegap-plugin-push/GCM/Libraries\"",
				);
				PRODUCT_BUNDLE_IDENTIFIER = com.ppllc.p2;
				PRODUCT_NAME = ParentPlanet;
				PROVISIONING_PROFILE = "";
			};
			name = Debug;
		};
		1D6058950D05DD3E006BFB54 /* Release */ = {
			isa = XCBuildConfiguration;
			baseConfigurationReference = 3047A5101AB8059700498E2A /* build-release.xcconfig */;
			buildSettings = {
				ALWAYS_SEARCH_USER_PATHS = NO;
				ASSETCATALOG_COMPILER_APPICON_NAME = AppIcon;
				ASSETCATALOG_COMPILER_LAUNCHIMAGE_NAME = LaunchImage;
				CLANG_ENABLE_MODULES = YES;
				CLANG_ENABLE_OBJC_ARC = YES;
				CODE_SIGN_ENTITLEMENTS = ParentPlanet/ParentPlanet.entitlements;
				CODE_SIGN_IDENTITY = "iPhone Developer";
				"CODE_SIGN_IDENTITY[sdk=iphoneos*]" = "iPhone Developer";
				COPY_PHASE_STRIP = YES;
				DEVELOPMENT_TEAM = EF8XZ4VUS5;
				GCC_PRECOMPILE_PREFIX_HEADER = YES;
				GCC_PREFIX_HEADER = "ParentPlanet/ParentPlanet-Prefix.pch";
				GCC_THUMB_SUPPORT = NO;
				GCC_VERSION = "";
				INFOPLIST_FILE = "ParentPlanet/ParentPlanet-Info.plist";
				IPHONEOS_DEPLOYMENT_TARGET = 8.0;
				LIBRARY_SEARCH_PATHS = (
					"$(inherited)",
					"\"$(SRCROOT)/ParentPlanet/Plugins/phonegap-plugin-push/GCM/Libraries\"",
					"\"$(SRCROOT)/ParentPlanet/Plugins/phonegap-plugin-push/GCM/Libraries\"",
					"\"$(SRCROOT)/ParentPlanet/Plugins/phonegap-plugin-push/GCM/Libraries\"",
					"\"$(SRCROOT)/ParentPlanet/Plugins/phonegap-plugin-push/GCM/Libraries\"",
					"\"$(SRCROOT)/ParentPlanet/Plugins/phonegap-plugin-push/GCM/Libraries\"",
					"\"$(SRCROOT)/ParentPlanet/Plugins/phonegap-plugin-push/GCM/Libraries\"",
					"\"$(SRCROOT)/ParentPlanet/Plugins/phonegap-plugin-push/GCM/Libraries\"",
					"\"$(SRCROOT)/ParentPlanet/Plugins/phonegap-plugin-push/GCM/Libraries\"",
					"\"$(SRCROOT)/ParentPlanet/Plugins/phonegap-plugin-push/GCM/Libraries\"",
					"\"$(SRCROOT)/ParentPlanet/Plugins/phonegap-plugin-push/GCM/Libraries\"",
					"\"$(SRCROOT)/ParentPlanet/Plugins/phonegap-plugin-push/GCM/Libraries\"",
					"\"$(SRCROOT)/ParentPlanet/Plugins/phonegap-plugin-push/GCM/Libraries\"",
					"\"$(SRCROOT)/ParentPlanet/Plugins/phonegap-plugin-push/GCM/Libraries\"",
					"\"$(SRCROOT)/ParentPlanet/Plugins/phonegap-plugin-push/GCM/Libraries\"",
					"\"$(SRCROOT)/ParentPlanet/Plugins/phonegap-plugin-push/GCM/Libraries\"",
					"\"$(SRCROOT)/ParentPlanet/Plugins/phonegap-plugin-push/GCM/Libraries\"",
					"\"$(SRCROOT)/ParentPlanet/Plugins/phonegap-plugin-push/GCM/Libraries\"",
					"\"$(SRCROOT)/ParentPlanet/Plugins/phonegap-plugin-push/GCM/Libraries\"",
					"\"$(SRCROOT)/ParentPlanet/Plugins/phonegap-plugin-push/GCM/Libraries\"",
					"\"$(SRCROOT)/ParentPlanet/Plugins/phonegap-plugin-push/GCM/Libraries\"",
					"\"$(SRCROOT)/ParentPlanet/Plugins/phonegap-plugin-push/GCM/Libraries\"",
					"\"$(SRCROOT)/ParentPlanet/Plugins/phonegap-plugin-push/GCM/Libraries\"",
					"\"$(SRCROOT)/ParentPlanet/Plugins/phonegap-plugin-push/GCM/Libraries\"",
					"\"$(SRCROOT)/ParentPlanet/Plugins/phonegap-plugin-push/GCM/Libraries\"",
					"\"$(SRCROOT)/ParentPlanet/Plugins/phonegap-plugin-push/GCM/Libraries\"",
					"\"$(SRCROOT)/ParentPlanet/Plugins/phonegap-plugin-push/GCM/Libraries\"",
				);
				PRODUCT_BUNDLE_IDENTIFIER = com.ppllc.p2;
				PRODUCT_NAME = ParentPlanet;
				PROVISIONING_PROFILE = "";
			};
			name = Release;
		};
		C01FCF4F08A954540054247B /* Debug */ = {
			isa = XCBuildConfiguration;
			baseConfigurationReference = 3047A5111AB8059700498E2A /* build.xcconfig */;
			buildSettings = {
				CLANG_ENABLE_MODULES = YES;
				CLANG_ENABLE_OBJC_ARC = YES;
				CLANG_WARN_BOOL_CONVERSION = YES;
				CLANG_WARN_CONSTANT_CONVERSION = YES;
				CLANG_WARN_EMPTY_BODY = YES;
				CLANG_WARN_ENUM_CONVERSION = YES;
				CLANG_WARN_INFINITE_RECURSION = YES;
				CLANG_WARN_INT_CONVERSION = YES;
				CLANG_WARN_SUSPICIOUS_MOVE = YES;
				CLANG_WARN_UNREACHABLE_CODE = YES;
				CLANG_WARN__DUPLICATE_METHOD_MATCH = YES;
				ENABLE_STRICT_OBJC_MSGSEND = YES;
				ENABLE_TESTABILITY = YES;
				GCC_C_LANGUAGE_STANDARD = c99;
				GCC_NO_COMMON_BLOCKS = YES;
				GCC_THUMB_SUPPORT = NO;
				GCC_VERSION = "";
				GCC_WARN_64_TO_32_BIT_CONVERSION = YES;
				GCC_WARN_ABOUT_RETURN_TYPE = YES;
				GCC_WARN_UNDECLARED_SELECTOR = YES;
				GCC_WARN_UNINITIALIZED_AUTOS = YES;
				GCC_WARN_UNUSED_FUNCTION = YES;
				GCC_WARN_UNUSED_VARIABLE = YES;
				ONLY_ACTIVE_ARCH = YES;
				SDKROOT = iphoneos;
				SKIP_INSTALL = NO;
			};
			name = Debug;
		};
		C01FCF5008A954540054247B /* Release */ = {
			isa = XCBuildConfiguration;
			baseConfigurationReference = 3047A5111AB8059700498E2A /* build.xcconfig */;
			buildSettings = {
				CLANG_ENABLE_MODULES = YES;
				CLANG_ENABLE_OBJC_ARC = YES;
				CLANG_WARN_BOOL_CONVERSION = YES;
				CLANG_WARN_CONSTANT_CONVERSION = YES;
				CLANG_WARN_EMPTY_BODY = YES;
				CLANG_WARN_ENUM_CONVERSION = YES;
				CLANG_WARN_INFINITE_RECURSION = YES;
				CLANG_WARN_INT_CONVERSION = YES;
				CLANG_WARN_SUSPICIOUS_MOVE = YES;
				CLANG_WARN_UNREACHABLE_CODE = YES;
				CLANG_WARN__DUPLICATE_METHOD_MATCH = YES;
				ENABLE_STRICT_OBJC_MSGSEND = YES;
				GCC_C_LANGUAGE_STANDARD = c99;
				GCC_NO_COMMON_BLOCKS = YES;
				GCC_THUMB_SUPPORT = NO;
				GCC_VERSION = "";
				GCC_WARN_64_TO_32_BIT_CONVERSION = YES;
				GCC_WARN_ABOUT_RETURN_TYPE = YES;
				GCC_WARN_UNDECLARED_SELECTOR = YES;
				GCC_WARN_UNINITIALIZED_AUTOS = YES;
				GCC_WARN_UNUSED_FUNCTION = YES;
				GCC_WARN_UNUSED_VARIABLE = YES;
				SDKROOT = iphoneos;
				SKIP_INSTALL = NO;
			};
			name = Release;
		};
/* End XCBuildConfiguration section */

/* Begin XCConfigurationList section */
		1D6058960D05DD3E006BFB54 /* Build configuration list for PBXNativeTarget "ParentPlanet" */ = {
			isa = XCConfigurationList;
			buildConfigurations = (
				1D6058940D05DD3E006BFB54 /* Debug */,
				1D6058950D05DD3E006BFB54 /* Release */,
			);
			defaultConfigurationIsVisible = 0;
			defaultConfigurationName = Release;
		};
		C01FCF4E08A954540054247B /* Build configuration list for PBXProject "ParentPlanet" */ = {
			isa = XCConfigurationList;
			buildConfigurations = (
				C01FCF4F08A954540054247B /* Debug */,
				C01FCF5008A954540054247B /* Release */,
			);
			defaultConfigurationIsVisible = 0;
			defaultConfigurationName = Release;
		};
/* End XCConfigurationList section */
	};
	rootObject = 29B97313FDCFA39411CA2CEA /* Project object */;
}
